// !$*UTF8*$!
{
	archiveVersion = 1;
	classes = {
	};
	objectVersion = 48;
	objects = {

/* Begin PBXBuildFile section */
		136599D42045D62000DBA8CA /* Bullet.swift in Sources */ = {isa = PBXBuildFile; fileRef = 136599D32045D62000DBA8CA /* Bullet.swift */; };
		136599D62045D9E100DBA8CA /* matrix_float4x4.swift in Sources */ = {isa = PBXBuildFile; fileRef = 136599D52045D9E100DBA8CA /* matrix_float4x4.swift */; };
		1393510B2045B5DC0080B208 /* AppDelegate.swift in Sources */ = {isa = PBXBuildFile; fileRef = 1393510A2045B5DC0080B208 /* AppDelegate.swift */; };
		1393510D2045B5DC0080B208 /* art.scnassets in Resources */ = {isa = PBXBuildFile; fileRef = 1393510C2045B5DC0080B208 /* art.scnassets */; };
		1393510F2045B5DC0080B208 /* ViewController.swift in Sources */ = {isa = PBXBuildFile; fileRef = 1393510E2045B5DC0080B208 /* ViewController.swift */; };
		139351122045B5DC0080B208 /* Main.storyboard in Resources */ = {isa = PBXBuildFile; fileRef = 139351102045B5DC0080B208 /* Main.storyboard */; };
		139351142045B5DC0080B208 /* Assets.xcassets in Resources */ = {isa = PBXBuildFile; fileRef = 139351132045B5DC0080B208 /* Assets.xcassets */; };
		139351172045B5DC0080B208 /* LaunchScreen.storyboard in Resources */ = {isa = PBXBuildFile; fileRef = 139351152045B5DC0080B208 /* LaunchScreen.storyboard */; };
		1393511F2045B6E90080B208 /* Enemy.swift in Sources */ = {isa = PBXBuildFile; fileRef = 1393511E2045B6E90080B208 /* Enemy.swift */; };
		139351212045B7950080B208 /* Spawning.swift in Sources */ = {isa = PBXBuildFile; fileRef = 139351202045B7950080B208 /* Spawning.swift */; };
		139351232045BE7C0080B208 /* Level.swift in Sources */ = {isa = PBXBuildFile; fileRef = 139351222045BE7C0080B208 /* Level.swift */; };
/* End PBXBuildFile section */

/* Begin PBXFileReference section */
		136599D32045D62000DBA8CA /* Bullet.swift */ = {isa = PBXFileReference; lastKnownFileType = sourcecode.swift; path = Bullet.swift; sourceTree = "<group>"; };
		136599D52045D9E100DBA8CA /* matrix_float4x4.swift */ = {isa = PBXFileReference; lastKnownFileType = sourcecode.swift; path = matrix_float4x4.swift; sourceTree = "<group>"; };
		139351072045B5DC0080B208 /* Space Invaders AR.app */ = {isa = PBXFileReference; explicitFileType = wrapper.application; includeInIndex = 0; path = "Space Invaders AR.app"; sourceTree = BUILT_PRODUCTS_DIR; };
		1393510A2045B5DC0080B208 /* AppDelegate.swift */ = {isa = PBXFileReference; lastKnownFileType = sourcecode.swift; path = AppDelegate.swift; sourceTree = "<group>"; };
		1393510C2045B5DC0080B208 /* art.scnassets */ = {isa = PBXFileReference; lastKnownFileType = wrapper.scnassets; path = art.scnassets; sourceTree = "<group>"; };
		1393510E2045B5DC0080B208 /* ViewController.swift */ = {isa = PBXFileReference; lastKnownFileType = sourcecode.swift; path = ViewController.swift; sourceTree = "<group>"; };
		139351112045B5DC0080B208 /* Base */ = {isa = PBXFileReference; lastKnownFileType = file.storyboard; name = Base; path = Base.lproj/Main.storyboard; sourceTree = "<group>"; };
		139351132045B5DC0080B208 /* Assets.xcassets */ = {isa = PBXFileReference; lastKnownFileType = folder.assetcatalog; path = Assets.xcassets; sourceTree = "<group>"; };
		139351162045B5DC0080B208 /* Base */ = {isa = PBXFileReference; lastKnownFileType = file.storyboard; name = Base; path = Base.lproj/LaunchScreen.storyboard; sourceTree = "<group>"; };
		139351182045B5DC0080B208 /* Info.plist */ = {isa = PBXFileReference; lastKnownFileType = text.plist.xml; path = Info.plist; sourceTree = "<group>"; };
		1393511E2045B6E90080B208 /* Enemy.swift */ = {isa = PBXFileReference; lastKnownFileType = sourcecode.swift; path = Enemy.swift; sourceTree = "<group>"; };
		139351202045B7950080B208 /* Spawning.swift */ = {isa = PBXFileReference; lastKnownFileType = sourcecode.swift; path = Spawning.swift; sourceTree = "<group>"; };
		139351222045BE7C0080B208 /* Level.swift */ = {isa = PBXFileReference; lastKnownFileType = sourcecode.swift; path = Level.swift; sourceTree = "<group>"; };
/* End PBXFileReference section */

/* Begin PBXFrameworksBuildPhase section */
		139351042045B5DC0080B208 /* Frameworks */ = {
			isa = PBXFrameworksBuildPhase;
			buildActionMask = 2147483647;
			files = (
			);
			runOnlyForDeploymentPostprocessing = 0;
		};
/* End PBXFrameworksBuildPhase section */

/* Begin PBXGroup section */
		139350FE2045B5DC0080B208 = {
			isa = PBXGroup;
			children = (
				139351092045B5DC0080B208 /* Space Invaders AR */,
				139351082045B5DC0080B208 /* Products */,
			);
			sourceTree = "<group>";
		};
		139351082045B5DC0080B208 /* Products */ = {
			isa = PBXGroup;
			children = (
				139351072045B5DC0080B208 /* Space Invaders AR.app */,
			);
			name = Products;
			sourceTree = "<group>";
		};
		139351092045B5DC0080B208 /* Space Invaders AR */ = {
			isa = PBXGroup;
			children = (
				1393510A2045B5DC0080B208 /* AppDelegate.swift */,
				1393510C2045B5DC0080B208 /* art.scnassets */,
				1393510E2045B5DC0080B208 /* ViewController.swift */,
				139351102045B5DC0080B208 /* Main.storyboard */,
				139351132045B5DC0080B208 /* Assets.xcassets */,
				139351152045B5DC0080B208 /* LaunchScreen.storyboard */,
				139351182045B5DC0080B208 /* Info.plist */,
				1393511E2045B6E90080B208 /* Enemy.swift */,
				139351202045B7950080B208 /* Spawning.swift */,
				139351222045BE7C0080B208 /* Level.swift */,
				136599D32045D62000DBA8CA /* Bullet.swift */,
				136599D52045D9E100DBA8CA /* matrix_float4x4.swift */,
			);
			path = "Space Invaders AR";
			sourceTree = "<group>";
		};
/* End PBXGroup section */

/* Begin PBXNativeTarget section */
		139351062045B5DC0080B208 /* Space Invaders AR */ = {
			isa = PBXNativeTarget;
			buildConfigurationList = 1393511B2045B5DC0080B208 /* Build configuration list for PBXNativeTarget "Space Invaders AR" */;
			buildPhases = (
				139351032045B5DC0080B208 /* Sources */,
				139351042045B5DC0080B208 /* Frameworks */,
				139351052045B5DC0080B208 /* Resources */,
			);
			buildRules = (
			);
			dependencies = (
			);
			name = "Space Invaders AR";
			productName = "Space Invaders AR";
			productReference = 139351072045B5DC0080B208 /* Space Invaders AR.app */;
			productType = "com.apple.product-type.application";
		};
/* End PBXNativeTarget section */

/* Begin PBXProject section */
		139350FF2045B5DC0080B208 /* Project object */ = {
			isa = PBXProject;
			attributes = {
				LastSwiftUpdateCheck = 0920;
				LastUpgradeCheck = 0920;
				ORGANIZATIONNAME = "Francesco Chiusolo";
				TargetAttributes = {
					139351062045B5DC0080B208 = {
						CreatedOnToolsVersion = 9.2;
						ProvisioningStyle = Automatic;
					};
				};
			};
			buildConfigurationList = 139351022045B5DC0080B208 /* Build configuration list for PBXProject "Space Invaders AR" */;
			compatibilityVersion = "Xcode 8.0";
			developmentRegion = en;
			hasScannedForEncodings = 0;
			knownRegions = (
				en,
				Base,
			);
			mainGroup = 139350FE2045B5DC0080B208;
			productRefGroup = 139351082045B5DC0080B208 /* Products */;
			projectDirPath = "";
			projectRoot = "";
			targets = (
				139351062045B5DC0080B208 /* Space Invaders AR */,
			);
		};
/* End PBXProject section */

/* Begin PBXResourcesBuildPhase section */
		139351052045B5DC0080B208 /* Resources */ = {
			isa = PBXResourcesBuildPhase;
			buildActionMask = 2147483647;
			files = (
				1393510D2045B5DC0080B208 /* art.scnassets in Resources */,
				139351172045B5DC0080B208 /* LaunchScreen.storyboard in Resources */,
				139351142045B5DC0080B208 /* Assets.xcassets in Resources */,
				139351122045B5DC0080B208 /* Main.storyboard in Resources */,
			);
			runOnlyForDeploymentPostprocessing = 0;
		};
/* End PBXResourcesBuildPhase section */

/* Begin PBXSourcesBuildPhase section */
		139351032045B5DC0080B208 /* Sources */ = {
			isa = PBXSourcesBuildPhase;
			buildActionMask = 2147483647;
			files = (
				139351212045B7950080B208 /* Spawning.swift in Sources */,
				136599D62045D9E100DBA8CA /* matrix_float4x4.swift in Sources */,
				1393510F2045B5DC0080B208 /* ViewController.swift in Sources */,
				1393510B2045B5DC0080B208 /* AppDelegate.swift in Sources */,
				136599D42045D62000DBA8CA /* Bullet.swift in Sources */,
				139351232045BE7C0080B208 /* Level.swift in Sources */,
				1393511F2045B6E90080B208 /* Enemy.swift in Sources */,
			);
			runOnlyForDeploymentPostprocessing = 0;
		};
/* End PBXSourcesBuildPhase section */

/* Begin PBXVariantGroup section */
		139351102045B5DC0080B208 /* Main.storyboard */ = {
			isa = PBXVariantGroup;
			children = (
				139351112045B5DC0080B208 /* Base */,
			);
			name = Main.storyboard;
			sourceTree = "<group>";
		};
		139351152045B5DC0080B208 /* LaunchScreen.storyboard */ = {
			isa = PBXVariantGroup;
			children = (
				139351162045B5DC0080B208 /* Base */,
			);
			name = LaunchScreen.storyboard;
			sourceTree = "<group>";
		};
/* End PBXVariantGroup section */

/* Begin XCBuildConfiguration section */
		139351192045B5DC0080B208 /* Debug */ = {
			isa = XCBuildConfiguration;
			buildSettings = {
				ALWAYS_SEARCH_USER_PATHS = NO;
				CLANG_ANALYZER_NONNULL = YES;
				CLANG_ANALYZER_NUMBER_OBJECT_CONVERSION = YES_AGGRESSIVE;
				CLANG_CXX_LANGUAGE_STANDARD = "gnu++14";
				CLANG_CXX_LIBRARY = "libc++";
				CLANG_ENABLE_MODULES = YES;
				CLANG_ENABLE_OBJC_ARC = YES;
				CLANG_WARN_BLOCK_CAPTURE_AUTORELEASING = YES;
				CLANG_WARN_BOOL_CONVERSION = YES;
				CLANG_WARN_COMMA = YES;
				CLANG_WARN_CONSTANT_CONVERSION = YES;
				CLANG_WARN_DIRECT_OBJC_ISA_USAGE = YES_ERROR;
				CLANG_WARN_DOCUMENTATION_COMMENTS = YES;
				CLANG_WARN_EMPTY_BODY = YES;
				CLANG_WARN_ENUM_CONVERSION = YES;
				CLANG_WARN_INFINITE_RECURSION = YES;
				CLANG_WARN_INT_CONVERSION = YES;
				CLANG_WARN_NON_LITERAL_NULL_CONVERSION = YES;
				CLANG_WARN_OBJC_LITERAL_CONVERSION = YES;
				CLANG_WARN_OBJC_ROOT_CLASS = YES_ERROR;
				CLANG_WARN_RANGE_LOOP_ANALYSIS = YES;
				CLANG_WARN_STRICT_PROTOTYPES = YES;
				CLANG_WARN_SUSPICIOUS_MOVE = YES;
				CLANG_WARN_UNGUARDED_AVAILABILITY = YES_AGGRESSIVE;
				CLANG_WARN_UNREACHABLE_CODE = YES;
				CLANG_WARN__DUPLICATE_METHOD_MATCH = YES;
				CODE_SIGN_IDENTITY = "iPhone Developer";
				COPY_PHASE_STRIP = NO;
				DEBUG_INFORMATION_FORMAT = dwarf;
				ENABLE_STRICT_OBJC_MSGSEND = YES;
				ENABLE_TESTABILITY = YES;
				GCC_C_LANGUAGE_STANDARD = gnu11;
				GCC_DYNAMIC_NO_PIC = NO;
				GCC_NO_COMMON_BLOCKS = YES;
				GCC_OPTIMIZATION_LEVEL = 0;
				GCC_PREPROCESSOR_DEFINITIONS = (
					"DEBUG=1",
					"$(inherited)",
				);
				GCC_WARN_64_TO_32_BIT_CONVERSION = YES;
				GCC_WARN_ABOUT_RETURN_TYPE = YES_ERROR;
				GCC_WARN_UNDECLARED_SELECTOR = YES;
				GCC_WARN_UNINITIALIZED_AUTOS = YES_AGGRESSIVE;
				GCC_WARN_UNUSED_FUNCTION = YES;
				GCC_WARN_UNUSED_VARIABLE = YES;
				IPHONEOS_DEPLOYMENT_TARGET = 11.2;
				MTL_ENABLE_DEBUG_INFO = YES;
				ONLY_ACTIVE_ARCH = YES;
				SDKROOT = iphoneos;
				SWIFT_ACTIVE_COMPILATION_CONDITIONS = DEBUG;
				SWIFT_OPTIMIZATION_LEVEL = "-Onone";
			};
			name = Debug;
		};
		1393511A2045B5DC0080B208 /* Release */ = {
			isa = XCBuildConfiguration;
			buildSettings = {
				ALWAYS_SEARCH_USER_PATHS = NO;
				CLANG_ANALYZER_NONNULL = YES;
				CLANG_ANALYZER_NUMBER_OBJECT_CONVERSION = YES_AGGRESSIVE;
				CLANG_CXX_LANGUAGE_STANDARD = "gnu++14";
				CLANG_CXX_LIBRARY = "libc++";
				CLANG_ENABLE_MODULES = YES;
				CLANG_ENABLE_OBJC_ARC = YES;
				CLANG_WARN_BLOCK_CAPTURE_AUTORELEASING = YES;
				CLANG_WARN_BOOL_CONVERSION = YES;
				CLANG_WARN_COMMA = YES;
				CLANG_WARN_CONSTANT_CONVERSION = YES;
				CLANG_WARN_DIRECT_OBJC_ISA_USAGE = YES_ERROR;
				CLANG_WARN_DOCUMENTATION_COMMENTS = YES;
				CLANG_WARN_EMPTY_BODY = YES;
				CLANG_WARN_ENUM_CONVERSION = YES;
				CLANG_WARN_INFINITE_RECURSION = YES;
				CLANG_WARN_INT_CONVERSION = YES;
				CLANG_WARN_NON_LITERAL_NULL_CONVERSION = YES;
				CLANG_WARN_OBJC_LITERAL_CONVERSION = YES;
				CLANG_WARN_OBJC_ROOT_CLASS = YES_ERROR;
				CLANG_WARN_RANGE_LOOP_ANALYSIS = YES;
				CLANG_WARN_STRICT_PROTOTYPES = YES;
				CLANG_WARN_SUSPICIOUS_MOVE = YES;
				CLANG_WARN_UNGUARDED_AVAILABILITY = YES_AGGRESSIVE;
				CLANG_WARN_UNREACHABLE_CODE = YES;
				CLANG_WARN__DUPLICATE_METHOD_MATCH = YES;
				CODE_SIGN_IDENTITY = "iPhone Developer";
				COPY_PHASE_STRIP = NO;
				DEBUG_INFORMATION_FORMAT = "dwarf-with-dsym";
				ENABLE_NS_ASSERTIONS = NO;
				ENABLE_STRICT_OBJC_MSGSEND = YES;
				GCC_C_LANGUAGE_STANDARD = gnu11;
				GCC_NO_COMMON_BLOCKS = YES;
				GCC_WARN_64_TO_32_BIT_CONVERSION = YES;
				GCC_WARN_ABOUT_RETURN_TYPE = YES_ERROR;
				GCC_WARN_UNDECLARED_SELECTOR = YES;
				GCC_WARN_UNINITIALIZED_AUTOS = YES_AGGRESSIVE;
				GCC_WARN_UNUSED_FUNCTION = YES;
				GCC_WARN_UNUSED_VARIABLE = YES;
				IPHONEOS_DEPLOYMENT_TARGET = 11.2;
				MTL_ENABLE_DEBUG_INFO = NO;
				SDKROOT = iphoneos;
				SWIFT_OPTIMIZATION_LEVEL = "-Owholemodule";
				VALIDATE_PRODUCT = YES;
			};
			name = Release;
		};
		1393511C2045B5DC0080B208 /* Debug */ = {
			isa = XCBuildConfiguration;
			buildSettings = {
				ASSETCATALOG_COMPILER_APPICON_NAME = AppIcon;
				CODE_SIGN_STYLE = Automatic;
				DEVELOPMENT_TEAM = 4MPX898GZF;
				INFOPLIST_FILE = "Space Invaders AR/Info.plist";
				LD_RUNPATH_SEARCH_PATHS = "$(inherited) @executable_path/Frameworks";
				PRODUCT_BUNDLE_IDENTIFIER = "com.francescochiusolo.Space-Invaders-AR";
				PRODUCT_NAME = "$(TARGET_NAME)";
				SWIFT_VERSION = 4.0;
				TARGETED_DEVICE_FAMILY = "1,2";
			};
			name = Debug;
		};
		1393511D2045B5DC0080B208 /* Release */ = {
			isa = XCBuildConfiguration;
			buildSettings = {
				ASSETCATALOG_COMPILER_APPICON_NAME = AppIcon;
				CODE_SIGN_STYLE = Automatic;
				DEVELOPMENT_TEAM = 4MPX898GZF;
				INFOPLIST_FILE = "Space Invaders AR/Info.plist";
				LD_RUNPATH_SEARCH_PATHS = "$(inherited) @executable_path/Frameworks";
				PRODUCT_BUNDLE_IDENTIFIER = "com.francescochiusolo.Space-Invaders-AR";
				PRODUCT_NAME = "$(TARGET_NAME)";
				SWIFT_VERSION = 4.0;
				TARGETED_DEVICE_FAMILY = "1,2";
			};
			name = Release;
		};
/* End XCBuildConfiguration section */

/* Begin XCConfigurationList section */
		139351022045B5DC0080B208 /* Build configuration list for PBXProject "Space Invaders AR" */ = {
			isa = XCConfigurationList;
			buildConfigurations = (
				139351192045B5DC0080B208 /* Debug */,
				1393511A2045B5DC0080B208 /* Release */,
			);
			defaultConfigurationIsVisible = 0;
			defaultConfigurationName = Release;
		};
		1393511B2045B5DC0080B208 /* Build configuration list for PBXNativeTarget "Space Invaders AR" */ = {
			isa = XCConfigurationList;
			buildConfigurations = (
				1393511C2045B5DC0080B208 /* Debug */,
				1393511D2045B5DC0080B208 /* Release */,
			);
			defaultConfigurationIsVisible = 0;
			defaultConfigurationName = Release;
		};
/* End XCConfigurationList section */
	};
	rootObject = 139350FF2045B5DC0080B208 /* Project object */;
}
